{
  "object": {
    "pins": [
      {
        "package": "BigInt",
        "repositoryURL": "https://github.com/attaswift/BigInt.git",
        "state": {
          "branch": null,
          "revision": "0ed110f7555c34ff468e72e1686e59721f2b0da6",
          "version": "5.3.0"
        }
      },
      {
        "package": "CryptoSwift",
        "repositoryURL": "https://github.com/krzyzanowskim/CryptoSwift.git",
        "state": {
          "branch": null,
          "revision": "32f641cf24fc7abc1c591a2025e9f2f572648b0f",
          "version": "1.7.2"
        }
      },
      {
        "package": "NWWebSocket",
        "repositoryURL": "https://github.com/pusher/NWWebSocket.git",
        "state": {
          "branch": null,
          "revision": "19d23951c8099304ad98e2fc762fa23d6bfab0b9",
          "version": "0.5.3"
        }
      },
      {
        "package": "secp256k1",
        "repositoryURL": "https://github.com/Boilertalk/secp256k1.swift",
        "state": {
          "branch": null,
          "revision": "cd187c632fb812fd93711a9f7e644adb7e5f97f0",
          "version": "0.1.7"
        }
      }
    ]
  },
  "version": 1
}
